
Microsoft Visual Studio Solution File, Format Version 12.00
# Visual Studio 15
VisualStudioVersion = 15.0.27004.2009
MinimumVisualStudioVersion = 10.0.40219.1
Project("{9A19103F-16F7-4668-BE54-9A1E7A4F7556}") = "Player.Vm.Api", "src\Player.Vm.Api\Player.Vm.Api.csproj", "{E38260F6-5937-4744-9709-FAC0604817FC}"
EndProject
Project("{2150E333-8FDC-42A3-9474-1A3956D46DE8}") = "src", "src", "{827E0CD3-B72D-47B6-A68D-7590B98EB39B}"
EndProject
Project("{FAE04EC0-301F-11D3-BF4B-00C04F79EFBC}") = "Player.Vm.Api.Tests", "src\Player.Vm.Api.Tests\Player.Vm.Api.Tests.csproj", "{6791DC13-78E5-47C5-B18D-9341DEE23CAA}"
EndProject
Global
	GlobalSection(SolutionConfigurationPlatforms) = preSolution
		Debug|Any CPU = Debug|Any CPU
		Debug|x64 = Debug|x64
		Debug|x86 = Debug|x86
		Release|Any CPU = Release|Any CPU
		Release|x64 = Release|x64
		Release|x86 = Release|x86
	EndGlobalSection
	GlobalSection(ProjectConfigurationPlatforms) = postSolution
		{E38260F6-5937-4744-9709-FAC0604817FC}.Debug|Any CPU.ActiveCfg = Debug|Any CPU
		{E38260F6-5937-4744-9709-FAC0604817FC}.Debug|Any CPU.Build.0 = Debug|Any CPU
		{E38260F6-5937-4744-9709-FAC0604817FC}.Debug|x64.ActiveCfg = Debug|Any CPU
		{E38260F6-5937-4744-9709-FAC0604817FC}.Debug|x64.Build.0 = Debug|Any CPU
		{E38260F6-5937-4744-9709-FAC0604817FC}.Debug|x86.ActiveCfg = Debug|Any CPU
		{E38260F6-5937-4744-9709-FAC0604817FC}.Debug|x86.Build.0 = Debug|Any CPU
		{E38260F6-5937-4744-9709-FAC0604817FC}.Release|Any CPU.ActiveCfg = Release|Any CPU
		{E38260F6-5937-4744-9709-FAC0604817FC}.Release|Any CPU.Build.0 = Release|Any CPU
		{E38260F6-5937-4744-9709-FAC0604817FC}.Release|x64.ActiveCfg = Release|Any CPU
		{E38260F6-5937-4744-9709-FAC0604817FC}.Release|x64.Build.0 = Release|Any CPU
		{E38260F6-5937-4744-9709-FAC0604817FC}.Release|x86.ActiveCfg = Release|Any CPU
		{E38260F6-5937-4744-9709-FAC0604817FC}.Release|x86.Build.0 = Release|Any CPU
		{6791DC13-78E5-47C5-B18D-9341DEE23CAA}.Debug|Any CPU.ActiveCfg = Debug|Any CPU
		{6791DC13-78E5-47C5-B18D-9341DEE23CAA}.Debug|Any CPU.Build.0 = Debug|Any CPU
		{6791DC13-78E5-47C5-B18D-9341DEE23CAA}.Debug|x64.ActiveCfg = Debug|Any CPU
		{6791DC13-78E5-47C5-B18D-9341DEE23CAA}.Debug|x64.Build.0 = Debug|Any CPU
		{6791DC13-78E5-47C5-B18D-9341DEE23CAA}.Debug|x86.ActiveCfg = Debug|Any CPU
		{6791DC13-78E5-47C5-B18D-9341DEE23CAA}.Debug|x86.Build.0 = Debug|Any CPU
		{6791DC13-78E5-47C5-B18D-9341DEE23CAA}.Release|Any CPU.ActiveCfg = Release|Any CPU
		{6791DC13-78E5-47C5-B18D-9341DEE23CAA}.Release|Any CPU.Build.0 = Release|Any CPU
		{6791DC13-78E5-47C5-B18D-9341DEE23CAA}.Release|x64.ActiveCfg = Release|Any CPU
		{6791DC13-78E5-47C5-B18D-9341DEE23CAA}.Release|x64.Build.0 = Release|Any CPU
		{6791DC13-78E5-47C5-B18D-9341DEE23CAA}.Release|x86.ActiveCfg = Release|Any CPU
		{6791DC13-78E5-47C5-B18D-9341DEE23CAA}.Release|x86.Build.0 = Release|Any CPU
	EndGlobalSection
	GlobalSection(SolutionProperties) = preSolution
		HideSolutionNode = FALSE
	EndGlobalSection
	GlobalSection(NestedProjects) = preSolution
		{6791DC13-78E5-47C5-B18D-9341DEE23CAA} = {827E0CD3-B72D-47B6-A68D-7590B98EB39B}
	EndGlobalSection
	GlobalSection(ExtensibilityGlobals) = postSolution
		SolutionGuid = {69800595-FCE1-47EA-8D50-5E36A8E4C9F2}
	EndGlobalSection
EndGlobal
